
Microsoft Visual Studio Solution File, Format Version 12.00
# Visual Studio Version 17
VisualStudioVersion = 17.8.34309.116
MinimumVisualStudioVersion = 10.0.40219.1
Project("{9A19103F-16F7-4668-BE54-9A1E7A4F7556}") = "ClassLibraryStefan", "ClassLibraryStefan\ClassLibraryStefan.csproj", "{924EC2F8-64DF-4284-B250-A9E0DCFD5D92}"
EndProject
Global
	GlobalSection(SolutionConfigurationPlatforms) = preSolution
		Debug|Any CPU = Debug|Any CPU
		Release|Any CPU = Release|Any CPU
	EndGlobalSection
	GlobalSection(ProjectConfigurationPlatforms) = postSolution
		{924EC2F8-64DF-4284-B250-A9E0DCFD5D92}.Debug|Any CPU.ActiveCfg = Debug|Any CPU
		{924EC2F8-64DF-4284-B250-A9E0DCFD5D92}.Debug|Any CPU.Build.0 = Debug|Any CPU
		{924EC2F8-64DF-4284-B250-A9E0DCFD5D92}.Release|Any CPU.ActiveCfg = Release|Any CPU
		{924EC2F8-64DF-4284-B250-A9E0DCFD5D92}.Release|Any CPU.Build.0 = Release|Any CPU
	EndGlobalSection
	GlobalSection(SolutionProperties) = preSolution
		HideSolutionNode = FALSE
	EndGlobalSection
	GlobalSection(ExtensibilityGlobals) = postSolution
		SolutionGuid = {2DE4038E-D70B-4AE2-8C01-AE8DC0B188A6}
	EndGlobalSection
EndGlobal
